
Microsoft Visual Studio Solution File, Format Version 12.00
# Visual Studio Version 17
VisualStudioVersion = 17.8.34309.116
MinimumVisualStudioVersion = 10.0.40219.1
Project("{FAE04EC0-301F-11D3-BF4B-00C04F79EFBC}") = "T3H1-Herencia", "T3H1-Herencia.csproj", "{0364ACFD-B272-42F1-ACD3-FA6E35157991}"
EndProject
Global
	GlobalSection(SolutionConfigurationPlatforms) = preSolution
		Debug|Any CPU = Debug|Any CPU
		Release|Any CPU = Release|Any CPU
	EndGlobalSection
	GlobalSection(ProjectConfigurationPlatforms) = postSolution
		{0364ACFD-B272-42F1-ACD3-FA6E35157991}.Debug|Any CPU.ActiveCfg = Debug|Any CPU
		{0364ACFD-B272-42F1-ACD3-FA6E35157991}.Debug|Any CPU.Build.0 = Debug|Any CPU
		{0364ACFD-B272-42F1-ACD3-FA6E35157991}.Release|Any CPU.ActiveCfg = Release|Any CPU
		{0364ACFD-B272-42F1-ACD3-FA6E35157991}.Release|Any CPU.Build.0 = Release|Any CPU
	EndGlobalSection
	GlobalSection(SolutionProperties) = preSolution
		HideSolutionNode = FALSE
	EndGlobalSection
	GlobalSection(ExtensibilityGlobals) = postSolution
		SolutionGuid = {FB87076E-028A-4361-9724-0DCF5A24D7A9}
	EndGlobalSection
EndGlobal
